
Microsoft Visual Studio Solution File, Format Version 12.00
# Visual Studio 2013
VisualStudioVersion = 12.0.30501.0
MinimumVisualStudioVersion = 12.0.30501.0
Project("{FAE04EC0-301F-11D3-BF4B-00C04F79EFBC}") = "Irv.TestWebApplication", "Irv.TestWebApplication\Irv.TestWebApplication.csproj", "{6A562A8D-12E9-40DB-BDB4-C2EEF5294BF8}"
EndProject
Project("{FAE04EC0-301F-11D3-BF4B-00C04F79EFBC}") = "Irv.Engine", "Irv.Engine\Irv.Engine.csproj", "{61E511FC-ACF3-487F-AFD3-5CD9A24E76EE}"
EndProject
Project("{FAE04EC0-301F-11D3-BF4B-00C04F79EFBC}") = "Irv.Tests", "Irv.Tests\Irv.Tests.csproj", "{FC28B0FB-4354-47F4-9DF2-45CF47D0C0FA}"
EndProject
Project("{2150E333-8FDC-42A3-9474-1A3956D46DE8}") = ".nuget", ".nuget", "{850924B5-55AE-4E95-9754-B5CFF67D2ED5}"
	ProjectSection(SolutionItems) = preProject
		.nuget\NuGet.Config = .nuget\NuGet.Config
		.nuget\NuGet.exe = .nuget\NuGet.exe
		.nuget\NuGet.targets = .nuget\NuGet.targets
		.nuget\packages.config = .nuget\packages.config
	EndProjectSection
EndProject
Global
	GlobalSection(SolutionConfigurationPlatforms) = preSolution
		Debug|Any CPU = Debug|Any CPU
		Debug|Mixed Platforms = Debug|Mixed Platforms
		Release|Any CPU = Release|Any CPU
		Release|Mixed Platforms = Release|Mixed Platforms
	EndGlobalSection
	GlobalSection(ProjectConfigurationPlatforms) = postSolution
		{6A562A8D-12E9-40DB-BDB4-C2EEF5294BF8}.Debug|Any CPU.ActiveCfg = Debug|Any CPU
		{6A562A8D-12E9-40DB-BDB4-C2EEF5294BF8}.Debug|Any CPU.Build.0 = Debug|Any CPU
		{6A562A8D-12E9-40DB-BDB4-C2EEF5294BF8}.Debug|Mixed Platforms.ActiveCfg = Debug|Any CPU
		{6A562A8D-12E9-40DB-BDB4-C2EEF5294BF8}.Debug|Mixed Platforms.Build.0 = Debug|Any CPU
		{6A562A8D-12E9-40DB-BDB4-C2EEF5294BF8}.Release|Any CPU.ActiveCfg = Release|Any CPU
		{6A562A8D-12E9-40DB-BDB4-C2EEF5294BF8}.Release|Any CPU.Build.0 = Release|Any CPU
		{6A562A8D-12E9-40DB-BDB4-C2EEF5294BF8}.Release|Mixed Platforms.ActiveCfg = Release|Any CPU
		{6A562A8D-12E9-40DB-BDB4-C2EEF5294BF8}.Release|Mixed Platforms.Build.0 = Release|Any CPU
		{61E511FC-ACF3-487F-AFD3-5CD9A24E76EE}.Debug|Any CPU.ActiveCfg = Debug|Any CPU
		{61E511FC-ACF3-487F-AFD3-5CD9A24E76EE}.Debug|Any CPU.Build.0 = Debug|Any CPU
		{61E511FC-ACF3-487F-AFD3-5CD9A24E76EE}.Debug|Mixed Platforms.ActiveCfg = Debug|Any CPU
		{61E511FC-ACF3-487F-AFD3-5CD9A24E76EE}.Debug|Mixed Platforms.Build.0 = Debug|Any CPU
		{61E511FC-ACF3-487F-AFD3-5CD9A24E76EE}.Release|Any CPU.ActiveCfg = Release|Any CPU
		{61E511FC-ACF3-487F-AFD3-5CD9A24E76EE}.Release|Any CPU.Build.0 = Release|Any CPU
		{61E511FC-ACF3-487F-AFD3-5CD9A24E76EE}.Release|Mixed Platforms.ActiveCfg = Release|Any CPU
		{61E511FC-ACF3-487F-AFD3-5CD9A24E76EE}.Release|Mixed Platforms.Build.0 = Release|Any CPU
		{FC28B0FB-4354-47F4-9DF2-45CF47D0C0FA}.Debug|Any CPU.ActiveCfg = Debug|Any CPU
		{FC28B0FB-4354-47F4-9DF2-45CF47D0C0FA}.Debug|Any CPU.Build.0 = Debug|Any CPU
		{FC28B0FB-4354-47F4-9DF2-45CF47D0C0FA}.Debug|Mixed Platforms.ActiveCfg = Debug|Any CPU
		{FC28B0FB-4354-47F4-9DF2-45CF47D0C0FA}.Debug|Mixed Platforms.Build.0 = Debug|Any CPU
		{FC28B0FB-4354-47F4-9DF2-45CF47D0C0FA}.Release|Any CPU.ActiveCfg = Release|Any CPU
		{FC28B0FB-4354-47F4-9DF2-45CF47D0C0FA}.Release|Any CPU.Build.0 = Release|Any CPU
		{FC28B0FB-4354-47F4-9DF2-45CF47D0C0FA}.Release|Mixed Platforms.ActiveCfg = Release|Any CPU
		{FC28B0FB-4354-47F4-9DF2-45CF47D0C0FA}.Release|Mixed Platforms.Build.0 = Release|Any CPU
	EndGlobalSection
	GlobalSection(SolutionProperties) = preSolution
		HideSolutionNode = FALSE
	EndGlobalSection
EndGlobal
